
Microsoft Visual Studio Solution File, Format Version 12.00
# Visual Studio Version 17
VisualStudioVersion = 17.13.35913.81 d17.13
MinimumVisualStudioVersion = 10.0.40219.1
Project("{FAE04EC0-301F-11D3-BF4B-00C04F79EFBC}") = "Hotel_Management_System", "Hotel_Management_System.csproj", "{EADAB1E2-A3C9-4421-8AB8-A10355B938A6}"
EndProject
Global
	GlobalSection(SolutionConfigurationPlatforms) = preSolution
		Debug|Any CPU = Debug|Any CPU
		Release|Any CPU = Release|Any CPU
	EndGlobalSection
	GlobalSection(ProjectConfigurationPlatforms) = postSolution
		{EADAB1E2-A3C9-4421-8AB8-A10355B938A6}.Debug|Any CPU.ActiveCfg = Debug|Any CPU
		{EADAB1E2-A3C9-4421-8AB8-A10355B938A6}.Debug|Any CPU.Build.0 = Debug|Any CPU
		{EADAB1E2-A3C9-4421-8AB8-A10355B938A6}.Release|Any CPU.ActiveCfg = Release|Any CPU
		{EADAB1E2-A3C9-4421-8AB8-A10355B938A6}.Release|Any CPU.Build.0 = Release|Any CPU
	EndGlobalSection
	GlobalSection(SolutionProperties) = preSolution
		HideSolutionNode = FALSE
	EndGlobalSection
	GlobalSection(ExtensibilityGlobals) = postSolution
		SolutionGuid = {20BE21CE-3175-43B9-BFE1-2E43CFA347D7}
	EndGlobalSection
EndGlobal
